// !$*UTF8*$!
{
	archiveVersion = 1;
	classes = {
	};
	objectVersion = 50;
	objects = {

/* Begin PBXBuildFile section */
		113FBFB5252845F300DFF932 /* KartriderStatsApp.swift in Sources */ = {isa = PBXBuildFile; fileRef = 113FBFB4252845F300DFF932 /* KartriderStatsApp.swift */; };
		113FBFB7252845F300DFF932 /* ContentView.swift in Sources */ = {isa = PBXBuildFile; fileRef = 113FBFB6252845F300DFF932 /* ContentView.swift */; };
		113FBFB9252845F600DFF932 /* Assets.xcassets in Resources */ = {isa = PBXBuildFile; fileRef = 113FBFB8252845F600DFF932 /* Assets.xcassets */; };
		113FBFBC252845F600DFF932 /* Preview Assets.xcassets in Resources */ = {isa = PBXBuildFile; fileRef = 113FBFBB252845F600DFF932 /* Preview Assets.xcassets */; };
		113FBFC7252845F600DFF932 /* KartriderStatsTests.swift in Sources */ = {isa = PBXBuildFile; fileRef = 113FBFC6252845F600DFF932 /* KartriderStatsTests.swift */; };
		113FBFD2252845F600DFF932 /* KartriderStatsUITests.swift in Sources */ = {isa = PBXBuildFile; fileRef = 113FBFD1252845F600DFF932 /* KartriderStatsUITests.swift */; };
/* End PBXBuildFile section */

/* Begin PBXContainerItemProxy section */
		113FBFC3252845F600DFF932 /* PBXContainerItemProxy */ = {
			isa = PBXContainerItemProxy;
			containerPortal = 113FBFA9252845F300DFF932 /* Project object */;
			proxyType = 1;
			remoteGlobalIDString = 113FBFB0252845F300DFF932;
			remoteInfo = KartriderStats;
		};
		113FBFCE252845F600DFF932 /* PBXContainerItemProxy */ = {
			isa = PBXContainerItemProxy;
			containerPortal = 113FBFA9252845F300DFF932 /* Project object */;
			proxyType = 1;
			remoteGlobalIDString = 113FBFB0252845F300DFF932;
			remoteInfo = KartriderStats;
		};
/* End PBXContainerItemProxy section */

/* Begin PBXFileReference section */
		113FBFB1252845F300DFF932 /* KartriderStats.app */ = {isa = PBXFileReference; explicitFileType = wrapper.application; includeInIndex = 0; path = KartriderStats.app; sourceTree = BUILT_PRODUCTS_DIR; };
		113FBFB4252845F300DFF932 /* KartriderStatsApp.swift */ = {isa = PBXFileReference; lastKnownFileType = sourcecode.swift; path = KartriderStatsApp.swift; sourceTree = "<group>"; };
		113FBFB6252845F300DFF932 /* ContentView.swift */ = {isa = PBXFileReference; lastKnownFileType = sourcecode.swift; path = ContentView.swift; sourceTree = "<group>"; };
		113FBFB8252845F600DFF932 /* Assets.xcassets */ = {isa = PBXFileReference; lastKnownFileType = folder.assetcatalog; path = Assets.xcassets; sourceTree = "<group>"; };
		113FBFBB252845F600DFF932 /* Preview Assets.xcassets */ = {isa = PBXFileReference; lastKnownFileType = folder.assetcatalog; path = "Preview Assets.xcassets"; sourceTree = "<group>"; };
		113FBFBD252845F600DFF932 /* Info.plist */ = {isa = PBXFileReference; lastKnownFileType = text.plist.xml; path = Info.plist; sourceTree = "<group>"; };
		113FBFC2252845F600DFF932 /* KartriderStatsTests.xctest */ = {isa = PBXFileReference; explicitFileType = wrapper.cfbundle; includeInIndex = 0; path = KartriderStatsTests.xctest; sourceTree = BUILT_PRODUCTS_DIR; };
		113FBFC6252845F600DFF932 /* KartriderStatsTests.swift */ = {isa = PBXFileReference; lastKnownFileType = sourcecode.swift; path = KartriderStatsTests.swift; sourceTree = "<group>"; };
		113FBFC8252845F600DFF932 /* Info.plist */ = {isa = PBXFileReference; lastKnownFileType = text.plist.xml; path = Info.plist; sourceTree = "<group>"; };
		113FBFCD252845F600DFF932 /* KartriderStatsUITests.xctest */ = {isa = PBXFileReference; explicitFileType = wrapper.cfbundle; includeInIndex = 0; path = KartriderStatsUITests.xctest; sourceTree = BUILT_PRODUCTS_DIR; };
		113FBFD1252845F600DFF932 /* KartriderStatsUITests.swift */ = {isa = PBXFileReference; lastKnownFileType = sourcecode.swift; path = KartriderStatsUITests.swift; sourceTree = "<group>"; };
		113FBFD3252845F600DFF932 /* Info.plist */ = {isa = PBXFileReference; lastKnownFileType = text.plist.xml; path = Info.plist; sourceTree = "<group>"; };
/* End PBXFileReference section */

/* Begin PBXFrameworksBuildPhase section */
		113FBFAE252845F300DFF932 /* Frameworks */ = {
			isa = PBXFrameworksBuildPhase;
			buildActionMask = 2147483647;
			files = (
			);
			runOnlyForDeploymentPostprocessing = 0;
		};
		113FBFBF252845F600DFF932 /* Frameworks */ = {
			isa = PBXFrameworksBuildPhase;
			buildActionMask = 2147483647;
			files = (
			);
			runOnlyForDeploymentPostprocessing = 0;
		};
		113FBFCA252845F600DFF932 /* Frameworks */ = {
			isa = PBXFrameworksBuildPhase;
			buildActionMask = 2147483647;
			files = (
			);
			runOnlyForDeploymentPostprocessing = 0;
		};
/* End PBXFrameworksBuildPhase section */

/* Begin PBXGroup section */
		113FBFA8252845F300DFF932 = {
			isa = PBXGroup;
			children = (
				113FBFB3252845F300DFF932 /* KartriderStats */,
				113FBFC5252845F600DFF932 /* KartriderStatsTests */,
				113FBFD0252845F600DFF932 /* KartriderStatsUITests */,
				113FBFB2252845F300DFF932 /* Products */,
			);
			sourceTree = "<group>";
		};
		113FBFB2252845F300DFF932 /* Products */ = {
			isa = PBXGroup;
			children = (
				113FBFB1252845F300DFF932 /* KartriderStats.app */,
				113FBFC2252845F600DFF932 /* KartriderStatsTests.xctest */,
				113FBFCD252845F600DFF932 /* KartriderStatsUITests.xctest */,
			);
			name = Products;
			sourceTree = "<group>";
		};
		113FBFB3252845F300DFF932 /* KartriderStats */ = {
			isa = PBXGroup;
			children = (
				113FBFB4252845F300DFF932 /* KartriderStatsApp.swift */,
				113FBFB6252845F300DFF932 /* ContentView.swift */,
				113FBFB8252845F600DFF932 /* Assets.xcassets */,
				113FBFBD252845F600DFF932 /* Info.plist */,
				113FBFBA252845F600DFF932 /* Preview Content */,
			);
			path = KartriderStats;
			sourceTree = "<group>";
		};
		113FBFBA252845F600DFF932 /* Preview Content */ = {
			isa = PBXGroup;
			children = (
				113FBFBB252845F600DFF932 /* Preview Assets.xcassets */,
			);
			path = "Preview Content";
			sourceTree = "<group>";
		};
		113FBFC5252845F600DFF932 /* KartriderStatsTests */ = {
			isa = PBXGroup;
			children = (
				113FBFC6252845F600DFF932 /* KartriderStatsTests.swift */,
				113FBFC8252845F600DFF932 /* Info.plist */,
			);
			path = KartriderStatsTests;
			sourceTree = "<group>";
		};
		113FBFD0252845F600DFF932 /* KartriderStatsUITests */ = {
			isa = PBXGroup;
			children = (
				113FBFD1252845F600DFF932 /* KartriderStatsUITests.swift */,
				113FBFD3252845F600DFF932 /* Info.plist */,
			);
			path = KartriderStatsUITests;
			sourceTree = "<group>";
		};
/* End PBXGroup section */

/* Begin PBXNativeTarget section */
		113FBFB0252845F300DFF932 /* KartriderStats */ = {
			isa = PBXNativeTarget;
			buildConfigurationList = 113FBFD6252845F600DFF932 /* Build configuration list for PBXNativeTarget "KartriderStats" */;
			buildPhases = (
				113FBFAD252845F300DFF932 /* Sources */,
				113FBFAE252845F300DFF932 /* Frameworks */,
				113FBFAF252845F300DFF932 /* Resources */,
			);
			buildRules = (
			);
			dependencies = (
			);
			name = KartriderStats;
			productName = KartriderStats;
			productReference = 113FBFB1252845F300DFF932 /* KartriderStats.app */;
			productType = "com.apple.product-type.application";
		};
		113FBFC1252845F600DFF932 /* KartriderStatsTests */ = {
			isa = PBXNativeTarget;
			buildConfigurationList = 113FBFD9252845F600DFF932 /* Build configuration list for PBXNativeTarget "KartriderStatsTests" */;
			buildPhases = (
				113FBFBE252845F600DFF932 /* Sources */,
				113FBFBF252845F600DFF932 /* Frameworks */,
				113FBFC0252845F600DFF932 /* Resources */,
			);
			buildRules = (
			);
			dependencies = (
				113FBFC4252845F600DFF932 /* PBXTargetDependency */,
			);
			name = KartriderStatsTests;
			productName = KartriderStatsTests;
			productReference = 113FBFC2252845F600DFF932 /* KartriderStatsTests.xctest */;
			productType = "com.apple.product-type.bundle.unit-test";
		};
		113FBFCC252845F600DFF932 /* KartriderStatsUITests */ = {
			isa = PBXNativeTarget;
			buildConfigurationList = 113FBFDC252845F600DFF932 /* Build configuration list for PBXNativeTarget "KartriderStatsUITests" */;
			buildPhases = (
				113FBFC9252845F600DFF932 /* Sources */,
				113FBFCA252845F600DFF932 /* Frameworks */,
				113FBFCB252845F600DFF932 /* Resources */,
			);
			buildRules = (
			);
			dependencies = (
				113FBFCF252845F600DFF932 /* PBXTargetDependency */,
			);
			name = KartriderStatsUITests;
			productName = KartriderStatsUITests;
			productReference = 113FBFCD252845F600DFF932 /* KartriderStatsUITests.xctest */;
			productType = "com.apple.product-type.bundle.ui-testing";
		};
/* End PBXNativeTarget section */

/* Begin PBXProject section */
		113FBFA9252845F300DFF932 /* Project object */ = {
			isa = PBXProject;
			attributes = {
				LastSwiftUpdateCheck = 1200;
				LastUpgradeCheck = 1200;
				TargetAttributes = {
					113FBFB0252845F300DFF932 = {
						CreatedOnToolsVersion = 12.0;
					};
					113FBFC1252845F600DFF932 = {
						CreatedOnToolsVersion = 12.0;
						TestTargetID = 113FBFB0252845F300DFF932;
					};
					113FBFCC252845F600DFF932 = {
						CreatedOnToolsVersion = 12.0;
						TestTargetID = 113FBFB0252845F300DFF932;
					};
				};
			};
			buildConfigurationList = 113FBFAC252845F300DFF932 /* Build configuration list for PBXProject "KartriderStats" */;
			compatibilityVersion = "Xcode 9.3";
			developmentRegion = en;
			hasScannedForEncodings = 0;
			knownRegions = (
				en,
				Base,
			);
			mainGroup = 113FBFA8252845F300DFF932;
			productRefGroup = 113FBFB2252845F300DFF932 /* Products */;
			projectDirPath = "";
			projectRoot = "";
			targets = (
				113FBFB0252845F300DFF932 /* KartriderStats */,
				113FBFC1252845F600DFF932 /* KartriderStatsTests */,
				113FBFCC252845F600DFF932 /* KartriderStatsUITests */,
			);
		};
/* End PBXProject section */

/* Begin PBXResourcesBuildPhase section */
		113FBFAF252845F300DFF932 /* Resources */ = {
			isa = PBXResourcesBuildPhase;
			buildActionMask = 2147483647;
			files = (
				113FBFBC252845F600DFF932 /* Preview Assets.xcassets in Resources */,
				113FBFB9252845F600DFF932 /* Assets.xcassets in Resources */,
			);
			runOnlyForDeploymentPostprocessing = 0;
		};
		113FBFC0252845F600DFF932 /* Resources */ = {
			isa = PBXResourcesBuildPhase;
			buildActionMask = 2147483647;
			files = (
			);
			runOnlyForDeploymentPostprocessing = 0;
		};
		113FBFCB252845F600DFF932 /* Resources */ = {
			isa = PBXResourcesBuildPhase;
			buildActionMask = 2147483647;
			files = (
			);
			runOnlyForDeploymentPostprocessing = 0;
		};
/* End PBXResourcesBuildPhase section */

/* Begin PBXSourcesBuildPhase section */
		113FBFAD252845F300DFF932 /* Sources */ = {
			isa = PBXSourcesBuildPhase;
			buildActionMask = 2147483647;
			files = (
				113FBFB7252845F300DFF932 /* ContentView.swift in Sources */,
				113FBFB5252845F300DFF932 /* KartriderStatsApp.swift in Sources */,
			);
			runOnlyForDeploymentPostprocessing = 0;
		};
		113FBFBE252845F600DFF932 /* Sources */ = {
			isa = PBXSourcesBuildPhase;
			buildActionMask = 2147483647;
			files = (
				113FBFC7252845F600DFF932 /* KartriderStatsTests.swift in Sources */,
			);
			runOnlyForDeploymentPostprocessing = 0;
		};
		113FBFC9252845F600DFF932 /* Sources */ = {
			isa = PBXSourcesBuildPhase;
			buildActionMask = 2147483647;
			files = (
				113FBFD2252845F600DFF932 /* KartriderStatsUITests.swift in Sources */,
			);
			runOnlyForDeploymentPostprocessing = 0;
		};
/* End PBXSourcesBuildPhase section */

/* Begin PBXTargetDependency section */
		113FBFC4252845F600DFF932 /* PBXTargetDependency */ = {
			isa = PBXTargetDependency;
			target = 113FBFB0252845F300DFF932 /* KartriderStats */;
			targetProxy = 113FBFC3252845F600DFF932 /* PBXContainerItemProxy */;
		};
		113FBFCF252845F600DFF932 /* PBXTargetDependency */ = {
			isa = PBXTargetDependency;
			target = 113FBFB0252845F300DFF932 /* KartriderStats */;
			targetProxy = 113FBFCE252845F600DFF932 /* PBXContainerItemProxy */;
		};
/* End PBXTargetDependency section */

/* Begin XCBuildConfiguration section */
		113FBFD4252845F600DFF932 /* Debug */ = {
			isa = XCBuildConfiguration;
			buildSettings = {
				ALWAYS_SEARCH_USER_PATHS = NO;
				CLANG_ANALYZER_NONNULL = YES;
				CLANG_ANALYZER_NUMBER_OBJECT_CONVERSION = YES_AGGRESSIVE;
				CLANG_CXX_LANGUAGE_STANDARD = "gnu++14";
				CLANG_CXX_LIBRARY = "libc++";
				CLANG_ENABLE_MODULES = YES;
				CLANG_ENABLE_OBJC_ARC = YES;
				CLANG_ENABLE_OBJC_WEAK = YES;
				CLANG_WARN_BLOCK_CAPTURE_AUTORELEASING = YES;
				CLANG_WARN_BOOL_CONVERSION = YES;
				CLANG_WARN_COMMA = YES;
				CLANG_WARN_CONSTANT_CONVERSION = YES;
				CLANG_WARN_DEPRECATED_OBJC_IMPLEMENTATIONS = YES;
				CLANG_WARN_DIRECT_OBJC_ISA_USAGE = YES_ERROR;
				CLANG_WARN_DOCUMENTATION_COMMENTS = YES;
				CLANG_WARN_EMPTY_BODY = YES;
				CLANG_WARN_ENUM_CONVERSION = YES;
				CLANG_WARN_INFINITE_RECURSION = YES;
				CLANG_WARN_INT_CONVERSION = YES;
				CLANG_WARN_NON_LITERAL_NULL_CONVERSION = YES;
				CLANG_WARN_OBJC_IMPLICIT_RETAIN_SELF = YES;
				CLANG_WARN_OBJC_LITERAL_CONVERSION = YES;
				CLANG_WARN_OBJC_ROOT_CLASS = YES_ERROR;
				CLANG_WARN_QUOTED_INCLUDE_IN_FRAMEWORK_HEADER = YES;
				CLANG_WARN_RANGE_LOOP_ANALYSIS = YES;
				CLANG_WARN_STRICT_PROTOTYPES = YES;
				CLANG_WARN_SUSPICIOUS_MOVE = YES;
				CLANG_WARN_UNGUARDED_AVAILABILITY = YES_AGGRESSIVE;
				CLANG_WARN_UNREACHABLE_CODE = YES;
				CLANG_WARN__DUPLICATE_METHOD_MATCH = YES;
				COPY_PHASE_STRIP = NO;
				DEBUG_INFORMATION_FORMAT = dwarf;
				ENABLE_STRICT_OBJC_MSGSEND = YES;
				ENABLE_TESTABILITY = YES;
				GCC_C_LANGUAGE_STANDARD = gnu11;
				GCC_DYNAMIC_NO_PIC = NO;
				GCC_NO_COMMON_BLOCKS = YES;
				GCC_OPTIMIZATION_LEVEL = 0;
				GCC_PREPROCESSOR_DEFINITIONS = (
					"DEBUG=1",
					"$(inherited)",
				);
				GCC_WARN_64_TO_32_BIT_CONVERSION = YES;
				GCC_WARN_ABOUT_RETURN_TYPE = YES_ERROR;
				GCC_WARN_UNDECLARED_SELECTOR = YES;
				GCC_WARN_UNINITIALIZED_AUTOS = YES_AGGRESSIVE;
				GCC_WARN_UNUSED_FUNCTION = YES;
				GCC_WARN_UNUSED_VARIABLE = YES;
				IPHONEOS_DEPLOYMENT_TARGET = 14.0;
				MTL_ENABLE_DEBUG_INFO = INCLUDE_SOURCE;
				MTL_FAST_MATH = YES;
				ONLY_ACTIVE_ARCH = YES;
				SDKROOT = iphoneos;
				SWIFT_ACTIVE_COMPILATION_CONDITIONS = DEBUG;
				SWIFT_OPTIMIZATION_LEVEL = "-Onone";
			};
			name = Debug;
		};
		113FBFD5252845F600DFF932 /* Release */ = {
			isa = XCBuildConfiguration;
			buildSettings = {
				ALWAYS_SEARCH_USER_PATHS = NO;
				CLANG_ANALYZER_NONNULL = YES;
				CLANG_ANALYZER_NUMBER_OBJECT_CONVERSION = YES_AGGRESSIVE;
				CLANG_CXX_LANGUAGE_STANDARD = "gnu++14";
				CLANG_CXX_LIBRARY = "libc++";
				CLANG_ENABLE_MODULES = YES;
				CLANG_ENABLE_OBJC_ARC = YES;
				CLANG_ENABLE_OBJC_WEAK = YES;
				CLANG_WARN_BLOCK_CAPTURE_AUTORELEASING = YES;
				CLANG_WARN_BOOL_CONVERSION = YES;
				CLANG_WARN_COMMA = YES;
				CLANG_WARN_CONSTANT_CONVERSION = YES;
				CLANG_WARN_DEPRECATED_OBJC_IMPLEMENTATIONS = YES;
				CLANG_WARN_DIRECT_OBJC_ISA_USAGE = YES_ERROR;
				CLANG_WARN_DOCUMENTATION_COMMENTS = YES;
				CLANG_WARN_EMPTY_BODY = YES;
				CLANG_WARN_ENUM_CONVERSION = YES;
				CLANG_WARN_INFINITE_RECURSION = YES;
				CLANG_WARN_INT_CONVERSION = YES;
				CLANG_WARN_NON_LITERAL_NULL_CONVERSION = YES;
				CLANG_WARN_OBJC_IMPLICIT_RETAIN_SELF = YES;
				CLANG_WARN_OBJC_LITERAL_CONVERSION = YES;
				CLANG_WARN_OBJC_ROOT_CLASS = YES_ERROR;
				CLANG_WARN_QUOTED_INCLUDE_IN_FRAMEWORK_HEADER = YES;
				CLANG_WARN_RANGE_LOOP_ANALYSIS = YES;
				CLANG_WARN_STRICT_PROTOTYPES = YES;
				CLANG_WARN_SUSPICIOUS_MOVE = YES;
				CLANG_WARN_UNGUARDED_AVAILABILITY = YES_AGGRESSIVE;
				CLANG_WARN_UNREACHABLE_CODE = YES;
				CLANG_WARN__DUPLICATE_METHOD_MATCH = YES;
				COPY_PHASE_STRIP = NO;
				DEBUG_INFORMATION_FORMAT = "dwarf-with-dsym";
				ENABLE_NS_ASSERTIONS = NO;
				ENABLE_STRICT_OBJC_MSGSEND = YES;
				GCC_C_LANGUAGE_STANDARD = gnu11;
				GCC_NO_COMMON_BLOCKS = YES;
				GCC_WARN_64_TO_32_BIT_CONVERSION = YES;
				GCC_WARN_ABOUT_RETURN_TYPE = YES_ERROR;
				GCC_WARN_UNDECLARED_SELECTOR = YES;
				GCC_WARN_UNINITIALIZED_AUTOS = YES_AGGRESSIVE;
				GCC_WARN_UNUSED_FUNCTION = YES;
				GCC_WARN_UNUSED_VARIABLE = YES;
				IPHONEOS_DEPLOYMENT_TARGET = 14.0;
				MTL_ENABLE_DEBUG_INFO = NO;
				MTL_FAST_MATH = YES;
				SDKROOT = iphoneos;
				SWIFT_COMPILATION_MODE = wholemodule;
				SWIFT_OPTIMIZATION_LEVEL = "-O";
				VALIDATE_PRODUCT = YES;
			};
			name = Release;
		};
		113FBFD7252845F600DFF932 /* Debug */ = {
			isa = XCBuildConfiguration;
			buildSettings = {
				ASSETCATALOG_COMPILER_APPICON_NAME = AppIcon;
				ASSETCATALOG_COMPILER_GLOBAL_ACCENT_COLOR_NAME = AccentColor;
				CODE_SIGN_STYLE = Automatic;
				DEVELOPMENT_ASSET_PATHS = "\"KartriderStats/Preview Content\"";
				DEVELOPMENT_TEAM = QG5U8557Y9;
				ENABLE_PREVIEWS = YES;
				INFOPLIST_FILE = KartriderStats/Info.plist;
				IPHONEOS_DEPLOYMENT_TARGET = 14.0;
				LD_RUNPATH_SEARCH_PATHS = (
					"$(inherited)",
					"@executable_path/Frameworks",
				);
				PRODUCT_BUNDLE_IDENTIFIER = com.hyunjin.KartriderStats;
				PRODUCT_NAME = "$(TARGET_NAME)";
				SWIFT_VERSION = 5.0;
				TARGETED_DEVICE_FAMILY = "1,2";
			};
			name = Debug;
		};
		113FBFD8252845F600DFF932 /* Release */ = {
			isa = XCBuildConfiguration;
			buildSettings = {
				ASSETCATALOG_COMPILER_APPICON_NAME = AppIcon;
				ASSETCATALOG_COMPILER_GLOBAL_ACCENT_COLOR_NAME = AccentColor;
				CODE_SIGN_STYLE = Automatic;
				DEVELOPMENT_ASSET_PATHS = "\"KartriderStats/Preview Content\"";
				DEVELOPMENT_TEAM = QG5U8557Y9;
				ENABLE_PREVIEWS = YES;
				INFOPLIST_FILE = KartriderStats/Info.plist;
				IPHONEOS_DEPLOYMENT_TARGET = 14.0;
				LD_RUNPATH_SEARCH_PATHS = (
					"$(inherited)",
					"@executable_path/Frameworks",
				);
				PRODUCT_BUNDLE_IDENTIFIER = com.hyunjin.KartriderStats;
				PRODUCT_NAME = "$(TARGET_NAME)";
				SWIFT_VERSION = 5.0;
				TARGETED_DEVICE_FAMILY = "1,2";
			};
			name = Release;
		};
		113FBFDA252845F600DFF932 /* Debug */ = {
			isa = XCBuildConfiguration;
			buildSettings = {
				ALWAYS_EMBED_SWIFT_STANDARD_LIBRARIES = YES;
				BUNDLE_LOADER = "$(TEST_HOST)";
				CODE_SIGN_STYLE = Automatic;
				DEVELOPMENT_TEAM = QG5U8557Y9;
				INFOPLIST_FILE = KartriderStatsTests/Info.plist;
				IPHONEOS_DEPLOYMENT_TARGET = 14.0;
				LD_RUNPATH_SEARCH_PATHS = (
					"$(inherited)",
					"@executable_path/Frameworks",
					"@loader_path/Frameworks",
				);
				PRODUCT_BUNDLE_IDENTIFIER = com.hyunjin.KartriderStatsTests;
				PRODUCT_NAME = "$(TARGET_NAME)";
				SWIFT_VERSION = 5.0;
				TARGETED_DEVICE_FAMILY = "1,2";
				TEST_HOST = "$(BUILT_PRODUCTS_DIR)/KartriderStats.app/KartriderStats";
			};
			name = Debug;
		};
		113FBFDB252845F600DFF932 /* Release */ = {
			isa = XCBuildConfiguration;
			buildSettings = {
				ALWAYS_EMBED_SWIFT_STANDARD_LIBRARIES = YES;
				BUNDLE_LOADER = "$(TEST_HOST)";
				CODE_SIGN_STYLE = Automatic;
				DEVELOPMENT_TEAM = QG5U8557Y9;
				INFOPLIST_FILE = KartriderStatsTests/Info.plist;
				IPHONEOS_DEPLOYMENT_TARGET = 14.0;
				LD_RUNPATH_SEARCH_PATHS = (
					"$(inherited)",
					"@executable_path/Frameworks",
					"@loader_path/Frameworks",
				);
				PRODUCT_BUNDLE_IDENTIFIER = com.hyunjin.KartriderStatsTests;
				PRODUCT_NAME = "$(TARGET_NAME)";
				SWIFT_VERSION = 5.0;
				TARGETED_DEVICE_FAMILY = "1,2";
				TEST_HOST = "$(BUILT_PRODUCTS_DIR)/KartriderStats.app/KartriderStats";
			};
			name = Release;
		};
		113FBFDD252845F600DFF932 /* Debug */ = {
			isa = XCBuildConfiguration;
			buildSettings = {
				ALWAYS_EMBED_SWIFT_STANDARD_LIBRARIES = YES;
				CODE_SIGN_STYLE = Automatic;
				DEVELOPMENT_TEAM = QG5U8557Y9;
				INFOPLIST_FILE = KartriderStatsUITests/Info.plist;
				LD_RUNPATH_SEARCH_PATHS = (
					"$(inherited)",
					"@executable_path/Frameworks",
					"@loader_path/Frameworks",
				);
				PRODUCT_BUNDLE_IDENTIFIER = com.hyunjin.KartriderStatsUITests;
				PRODUCT_NAME = "$(TARGET_NAME)";
				SWIFT_VERSION = 5.0;
				TARGETED_DEVICE_FAMILY = "1,2";
				TEST_TARGET_NAME = KartriderStats;
			};
			name = Debug;
		};
		113FBFDE252845F600DFF932 /* Release */ = {
			isa = XCBuildConfiguration;
			buildSettings = {
				ALWAYS_EMBED_SWIFT_STANDARD_LIBRARIES = YES;
				CODE_SIGN_STYLE = Automatic;
				DEVELOPMENT_TEAM = QG5U8557Y9;
				INFOPLIST_FILE = KartriderStatsUITests/Info.plist;
				LD_RUNPATH_SEARCH_PATHS = (
					"$(inherited)",
					"@executable_path/Frameworks",
					"@loader_path/Frameworks",
				);
				PRODUCT_BUNDLE_IDENTIFIER = com.hyunjin.KartriderStatsUITests;
				PRODUCT_NAME = "$(TARGET_NAME)";
				SWIFT_VERSION = 5.0;
				TARGETED_DEVICE_FAMILY = "1,2";
				TEST_TARGET_NAME = KartriderStats;
			};
			name = Release;
		};
/* End XCBuildConfiguration section */

/* Begin XCConfigurationList section */
		113FBFAC252845F300DFF932 /* Build configuration list for PBXProject "KartriderStats" */ = {
			isa = XCConfigurationList;
			buildConfigurations = (
				113FBFD4252845F600DFF932 /* Debug */,
				113FBFD5252845F600DFF932 /* Release */,
			);
			defaultConfigurationIsVisible = 0;
			defaultConfigurationName = Release;
		};
		113FBFD6252845F600DFF932 /* Build configuration list for PBXNativeTarget "KartriderStats" */ = {
			isa = XCConfigurationList;
			buildConfigurations = (
				113FBFD7252845F600DFF932 /* Debug */,
				113FBFD8252845F600DFF932 /* Release */,
			);
			defaultConfigurationIsVisible = 0;
			defaultConfigurationName = Release;
		};
		113FBFD9252845F600DFF932 /* Build configuration list for PBXNativeTarget "KartriderStatsTests" */ = {
			isa = XCConfigurationList;
			buildConfigurations = (
				113FBFDA252845F600DFF932 /* Debug */,
				113FBFDB252845F600DFF932 /* Release */,
			);
			defaultConfigurationIsVisible = 0;
			defaultConfigurationName = Release;
		};
		113FBFDC252845F600DFF932 /* Build configuration list for PBXNativeTarget "KartriderStatsUITests" */ = {
			isa = XCConfigurationList;
			buildConfigurations = (
				113FBFDD252845F600DFF932 /* Debug */,
				113FBFDE252845F600DFF932 /* Release */,
			);
			defaultConfigurationIsVisible = 0;
			defaultConfigurationName = Release;
		};
/* End XCConfigurationList section */
	};
	rootObject = 113FBFA9252845F300DFF932 /* Project object */;
}
